// !$*UTF8*$!
{
	archiveVersion = 1;
	classes = {
	};
	objectVersion = 50;
	objects = {

/* Begin PBXBuildFile section */
		4CACAFAF256B905F00D3FFFC /* face_init.swift in Sources */ = {isa = PBXBuildFile; fileRef = 4CACAFAE256B905F00D3FFFC /* face_init.swift */; };
		4CACAFB1256B90ED00D3FFFC /* distance_init.swift in Sources */ = {isa = PBXBuildFile; fileRef = 4CACAFB0256B90EC00D3FFFC /* distance_init.swift */; };
		4CACAFB3256B90FE00D3FFFC /* basic_init.swift in Sources */ = {isa = PBXBuildFile; fileRef = 4CACAFB2256B90FE00D3FFFC /* basic_init.swift */; };
		4CACAFB5256B910B00D3FFFC /* done_init.swift in Sources */ = {isa = PBXBuildFile; fileRef = 4CACAFB4256B910B00D3FFFC /* done_init.swift */; };
		4CBB359B2566546600B3BECF /* AppDelegate.swift in Sources */ = {isa = PBXBuildFile; fileRef = 4CBB359A2566546600B3BECF /* AppDelegate.swift */; };
		4CBB359D2566546600B3BECF /* mainPage.swift in Sources */ = {isa = PBXBuildFile; fileRef = 4CBB359C2566546600B3BECF /* mainPage.swift */; };
		4CBB359F2566546700B3BECF /* Assets.xcassets in Resources */ = {isa = PBXBuildFile; fileRef = 4CBB359E2566546700B3BECF /* Assets.xcassets */; };
		4CBB35A22566546700B3BECF /* Main.storyboard in Resources */ = {isa = PBXBuildFile; fileRef = 4CBB35A02566546700B3BECF /* Main.storyboard */; };
		4CBB35AE2566623600B3BECF /* CppClass.cpp in Sources */ = {isa = PBXBuildFile; fileRef = 4CBB35AC2566623600B3BECF /* CppClass.cpp */; };
		4CBB35B12566626900B3BECF /* CppClass.mm in Sources */ = {isa = PBXBuildFile; fileRef = 4CBB35B02566626900B3BECF /* CppClass.mm */; };
/* End PBXBuildFile section */

/* Begin PBXFileReference section */
		4CACAFAE256B905F00D3FFFC /* face_init.swift */ = {isa = PBXFileReference; lastKnownFileType = sourcecode.swift; path = face_init.swift; sourceTree = "<group>"; };
		4CACAFB0256B90EC00D3FFFC /* distance_init.swift */ = {isa = PBXFileReference; lastKnownFileType = sourcecode.swift; path = distance_init.swift; sourceTree = "<group>"; };
		4CACAFB2256B90FE00D3FFFC /* basic_init.swift */ = {isa = PBXFileReference; lastKnownFileType = sourcecode.swift; path = basic_init.swift; sourceTree = "<group>"; };
		4CACAFB4256B910B00D3FFFC /* done_init.swift */ = {isa = PBXFileReference; lastKnownFileType = sourcecode.swift; path = done_init.swift; sourceTree = "<group>"; };
		4CBB35972566546600B3BECF /* GUI.app */ = {isa = PBXFileReference; explicitFileType = wrapper.application; includeInIndex = 0; path = GUI.app; sourceTree = BUILT_PRODUCTS_DIR; };
		4CBB359A2566546600B3BECF /* AppDelegate.swift */ = {isa = PBXFileReference; lastKnownFileType = sourcecode.swift; path = AppDelegate.swift; sourceTree = "<group>"; };
		4CBB359C2566546600B3BECF /* mainPage.swift */ = {isa = PBXFileReference; lastKnownFileType = sourcecode.swift; path = mainPage.swift; sourceTree = "<group>"; };
		4CBB359E2566546700B3BECF /* Assets.xcassets */ = {isa = PBXFileReference; lastKnownFileType = folder.assetcatalog; path = Assets.xcassets; sourceTree = "<group>"; };
		4CBB35A12566546700B3BECF /* Base */ = {isa = PBXFileReference; lastKnownFileType = file.storyboard; name = Base; path = Base.lproj/Main.storyboard; sourceTree = "<group>"; };
		4CBB35A32566546700B3BECF /* Info.plist */ = {isa = PBXFileReference; lastKnownFileType = text.plist.xml; path = Info.plist; sourceTree = "<group>"; };
		4CBB35A42566546700B3BECF /* GUI.entitlements */ = {isa = PBXFileReference; lastKnownFileType = text.plist.entitlements; path = GUI.entitlements; sourceTree = "<group>"; };
		4CBB35AB2566623600B3BECF /* GUI-Bridging-Header.h */ = {isa = PBXFileReference; lastKnownFileType = sourcecode.c.h; path = "GUI-Bridging-Header.h"; sourceTree = "<group>"; };
		4CBB35AC2566623600B3BECF /* CppClass.cpp */ = {isa = PBXFileReference; lastKnownFileType = sourcecode.cpp.cpp; path = CppClass.cpp; sourceTree = "<group>"; };
		4CBB35AD2566623600B3BECF /* CppClass.hpp */ = {isa = PBXFileReference; lastKnownFileType = sourcecode.cpp.h; path = CppClass.hpp; sourceTree = "<group>"; };
		4CBB35AF2566624B00B3BECF /* CppClass.h */ = {isa = PBXFileReference; lastKnownFileType = sourcecode.c.h; path = CppClass.h; sourceTree = "<group>"; };
		4CBB35B02566626900B3BECF /* CppClass.mm */ = {isa = PBXFileReference; lastKnownFileType = sourcecode.cpp.objcpp; path = CppClass.mm; sourceTree = "<group>"; };
/* End PBXFileReference section */

/* Begin PBXFrameworksBuildPhase section */
		4CBB35942566546600B3BECF /* Frameworks */ = {
			isa = PBXFrameworksBuildPhase;
			buildActionMask = 2147483647;
			files = (
			);
			runOnlyForDeploymentPostprocessing = 0;
		};
/* End PBXFrameworksBuildPhase section */

/* Begin PBXGroup section */
		4CBB358E2566546600B3BECF = {
			isa = PBXGroup;
			children = (
				4CBB35992566546600B3BECF /* GUI */,
				4CBB35982566546600B3BECF /* Products */,
			);
			sourceTree = "<group>";
		};
		4CBB35982566546600B3BECF /* Products */ = {
			isa = PBXGroup;
			children = (
				4CBB35972566546600B3BECF /* GUI.app */,
			);
			name = Products;
			sourceTree = "<group>";
		};
		4CBB35992566546600B3BECF /* GUI */ = {
			isa = PBXGroup;
			children = (
				4CBB35AA2566621700B3BECF /* testCpp */,
				4CBB359A2566546600B3BECF /* AppDelegate.swift */,
				4CBB359C2566546600B3BECF /* mainPage.swift */,
				4CACAFAE256B905F00D3FFFC /* face_init.swift */,
				4CACAFB0256B90EC00D3FFFC /* distance_init.swift */,
				4CACAFB2256B90FE00D3FFFC /* basic_init.swift */,
				4CACAFB4256B910B00D3FFFC /* done_init.swift */,
				4CBB359E2566546700B3BECF /* Assets.xcassets */,
				4CBB35A02566546700B3BECF /* Main.storyboard */,
				4CBB35A32566546700B3BECF /* Info.plist */,
				4CBB35A42566546700B3BECF /* GUI.entitlements */,
			);
			path = GUI;
			sourceTree = "<group>";
		};
		4CBB35AA2566621700B3BECF /* testCpp */ = {
			isa = PBXGroup;
			children = (
				4CBB35AC2566623600B3BECF /* CppClass.cpp */,
				4CBB35AD2566623600B3BECF /* CppClass.hpp */,
				4CBB35AB2566623600B3BECF /* GUI-Bridging-Header.h */,
				4CBB35AF2566624B00B3BECF /* CppClass.h */,
				4CBB35B02566626900B3BECF /* CppClass.mm */,
			);
			path = testCpp;
			sourceTree = "<group>";
		};
/* End PBXGroup section */

/* Begin PBXNativeTarget section */
		4CBB35962566546600B3BECF /* GUI */ = {
			isa = PBXNativeTarget;
			buildConfigurationList = 4CBB35A72566546700B3BECF /* Build configuration list for PBXNativeTarget "GUI" */;
			buildPhases = (
				4CBB35932566546600B3BECF /* Sources */,
				4CBB35942566546600B3BECF /* Frameworks */,
				4CBB35952566546600B3BECF /* Resources */,
			);
			buildRules = (
			);
			dependencies = (
			);
			name = GUI;
			productName = GUI;
			productReference = 4CBB35972566546600B3BECF /* GUI.app */;
			productType = "com.apple.product-type.application";
		};
/* End PBXNativeTarget section */

/* Begin PBXProject section */
		4CBB358F2566546600B3BECF /* Project object */ = {
			isa = PBXProject;
			attributes = {
				LastSwiftUpdateCheck = 1130;
				LastUpgradeCheck = 1130;
				ORGANIZATIONNAME = "YIHAN HSIAO";
				TargetAttributes = {
					4CBB35962566546600B3BECF = {
						CreatedOnToolsVersion = 11.3.1;
						LastSwiftMigration = 1130;
					};
				};
			};
			buildConfigurationList = 4CBB35922566546600B3BECF /* Build configuration list for PBXProject "GUI" */;
			compatibilityVersion = "Xcode 9.3";
			developmentRegion = en;
			hasScannedForEncodings = 0;
			knownRegions = (
				en,
				Base,
			);
			mainGroup = 4CBB358E2566546600B3BECF;
			productRefGroup = 4CBB35982566546600B3BECF /* Products */;
			projectDirPath = "";
			projectRoot = "";
			targets = (
				4CBB35962566546600B3BECF /* GUI */,
			);
		};
/* End PBXProject section */

/* Begin PBXResourcesBuildPhase section */
		4CBB35952566546600B3BECF /* Resources */ = {
			isa = PBXResourcesBuildPhase;
			buildActionMask = 2147483647;
			files = (
				4CBB359F2566546700B3BECF /* Assets.xcassets in Resources */,
				4CBB35A22566546700B3BECF /* Main.storyboard in Resources */,
			);
			runOnlyForDeploymentPostprocessing = 0;
		};
/* End PBXResourcesBuildPhase section */

/* Begin PBXSourcesBuildPhase section */
		4CBB35932566546600B3BECF /* Sources */ = {
			isa = PBXSourcesBuildPhase;
			buildActionMask = 2147483647;
			files = (
				4CACAFB3256B90FE00D3FFFC /* basic_init.swift in Sources */,
				4CACAFB1256B90ED00D3FFFC /* distance_init.swift in Sources */,
				4CBB35AE2566623600B3BECF /* CppClass.cpp in Sources */,
				4CACAFB5256B910B00D3FFFC /* done_init.swift in Sources */,
				4CBB359D2566546600B3BECF /* mainPage.swift in Sources */,
				4CBB35B12566626900B3BECF /* CppClass.mm in Sources */,
				4CBB359B2566546600B3BECF /* AppDelegate.swift in Sources */,
				4CACAFAF256B905F00D3FFFC /* face_init.swift in Sources */,
			);
			runOnlyForDeploymentPostprocessing = 0;
		};
/* End PBXSourcesBuildPhase section */

/* Begin PBXVariantGroup section */
		4CBB35A02566546700B3BECF /* Main.storyboard */ = {
			isa = PBXVariantGroup;
			children = (
				4CBB35A12566546700B3BECF /* Base */,
			);
			name = Main.storyboard;
			sourceTree = "<group>";
		};
/* End PBXVariantGroup section */

/* Begin XCBuildConfiguration section */
		4CBB35A52566546700B3BECF /* Debug */ = {
			isa = XCBuildConfiguration;
			buildSettings = {
				ALWAYS_SEARCH_USER_PATHS = NO;
				CLANG_ANALYZER_NONNULL = YES;
				CLANG_ANALYZER_NUMBER_OBJECT_CONVERSION = YES_AGGRESSIVE;
				CLANG_CXX_LANGUAGE_STANDARD = "gnu++14";
				CLANG_CXX_LIBRARY = "libc++";
				CLANG_ENABLE_MODULES = YES;
				CLANG_ENABLE_OBJC_ARC = YES;
				CLANG_ENABLE_OBJC_WEAK = YES;
				CLANG_WARN_BLOCK_CAPTURE_AUTORELEASING = YES;
				CLANG_WARN_BOOL_CONVERSION = YES;
				CLANG_WARN_COMMA = YES;
				CLANG_WARN_CONSTANT_CONVERSION = YES;
				CLANG_WARN_DEPRECATED_OBJC_IMPLEMENTATIONS = YES;
				CLANG_WARN_DIRECT_OBJC_ISA_USAGE = YES_ERROR;
				CLANG_WARN_DOCUMENTATION_COMMENTS = YES;
				CLANG_WARN_EMPTY_BODY = YES;
				CLANG_WARN_ENUM_CONVERSION = YES;
				CLANG_WARN_INFINITE_RECURSION = YES;
				CLANG_WARN_INT_CONVERSION = YES;
				CLANG_WARN_NON_LITERAL_NULL_CONVERSION = YES;
				CLANG_WARN_OBJC_IMPLICIT_RETAIN_SELF = YES;
				CLANG_WARN_OBJC_LITERAL_CONVERSION = YES;
				CLANG_WARN_OBJC_ROOT_CLASS = YES_ERROR;
				CLANG_WARN_RANGE_LOOP_ANALYSIS = YES;
				CLANG_WARN_STRICT_PROTOTYPES = YES;
				CLANG_WARN_SUSPICIOUS_MOVE = YES;
				CLANG_WARN_UNGUARDED_AVAILABILITY = YES_AGGRESSIVE;
				CLANG_WARN_UNREACHABLE_CODE = YES;
				CLANG_WARN__DUPLICATE_METHOD_MATCH = YES;
				COPY_PHASE_STRIP = NO;
				DEBUG_INFORMATION_FORMAT = dwarf;
				ENABLE_STRICT_OBJC_MSGSEND = YES;
				ENABLE_TESTABILITY = YES;
				GCC_C_LANGUAGE_STANDARD = gnu11;
				GCC_DYNAMIC_NO_PIC = NO;
				GCC_NO_COMMON_BLOCKS = YES;
				GCC_OPTIMIZATION_LEVEL = 0;
				GCC_PREPROCESSOR_DEFINITIONS = (
					"DEBUG=1",
					"$(inherited)",
				);
				GCC_WARN_64_TO_32_BIT_CONVERSION = YES;
				GCC_WARN_ABOUT_RETURN_TYPE = YES_ERROR;
				GCC_WARN_UNDECLARED_SELECTOR = YES;
				GCC_WARN_UNINITIALIZED_AUTOS = YES_AGGRESSIVE;
				GCC_WARN_UNUSED_FUNCTION = YES;
				GCC_WARN_UNUSED_VARIABLE = YES;
				MACOSX_DEPLOYMENT_TARGET = 10.15;
				MTL_ENABLE_DEBUG_INFO = INCLUDE_SOURCE;
				MTL_FAST_MATH = YES;
				ONLY_ACTIVE_ARCH = YES;
				SDKROOT = macosx;
				SWIFT_ACTIVE_COMPILATION_CONDITIONS = DEBUG;
				SWIFT_OPTIMIZATION_LEVEL = "-Onone";
			};
			name = Debug;
		};
		4CBB35A62566546700B3BECF /* Release */ = {
			isa = XCBuildConfiguration;
			buildSettings = {
				ALWAYS_SEARCH_USER_PATHS = NO;
				CLANG_ANALYZER_NONNULL = YES;
				CLANG_ANALYZER_NUMBER_OBJECT_CONVERSION = YES_AGGRESSIVE;
				CLANG_CXX_LANGUAGE_STANDARD = "gnu++14";
				CLANG_CXX_LIBRARY = "libc++";
				CLANG_ENABLE_MODULES = YES;
				CLANG_ENABLE_OBJC_ARC = YES;
				CLANG_ENABLE_OBJC_WEAK = YES;
				CLANG_WARN_BLOCK_CAPTURE_AUTORELEASING = YES;
				CLANG_WARN_BOOL_CONVERSION = YES;
				CLANG_WARN_COMMA = YES;
				CLANG_WARN_CONSTANT_CONVERSION = YES;
				CLANG_WARN_DEPRECATED_OBJC_IMPLEMENTATIONS = YES;
				CLANG_WARN_DIRECT_OBJC_ISA_USAGE = YES_ERROR;
				CLANG_WARN_DOCUMENTATION_COMMENTS = YES;
				CLANG_WARN_EMPTY_BODY = YES;
				CLANG_WARN_ENUM_CONVERSION = YES;
				CLANG_WARN_INFINITE_RECURSION = YES;
				CLANG_WARN_INT_CONVERSION = YES;
				CLANG_WARN_NON_LITERAL_NULL_CONVERSION = YES;
				CLANG_WARN_OBJC_IMPLICIT_RETAIN_SELF = YES;
				CLANG_WARN_OBJC_LITERAL_CONVERSION = YES;
				CLANG_WARN_OBJC_ROOT_CLASS = YES_ERROR;
				CLANG_WARN_RANGE_LOOP_ANALYSIS = YES;
				CLANG_WARN_STRICT_PROTOTYPES = YES;
				CLANG_WARN_SUSPICIOUS_MOVE = YES;
				CLANG_WARN_UNGUARDED_AVAILABILITY = YES_AGGRESSIVE;
				CLANG_WARN_UNREACHABLE_CODE = YES;
				CLANG_WARN__DUPLICATE_METHOD_MATCH = YES;
				COPY_PHASE_STRIP = NO;
				DEBUG_INFORMATION_FORMAT = "dwarf-with-dsym";
				ENABLE_NS_ASSERTIONS = NO;
				ENABLE_STRICT_OBJC_MSGSEND = YES;
				GCC_C_LANGUAGE_STANDARD = gnu11;
				GCC_NO_COMMON_BLOCKS = YES;
				GCC_WARN_64_TO_32_BIT_CONVERSION = YES;
				GCC_WARN_ABOUT_RETURN_TYPE = YES_ERROR;
				GCC_WARN_UNDECLARED_SELECTOR = YES;
				GCC_WARN_UNINITIALIZED_AUTOS = YES_AGGRESSIVE;
				GCC_WARN_UNUSED_FUNCTION = YES;
				GCC_WARN_UNUSED_VARIABLE = YES;
				MACOSX_DEPLOYMENT_TARGET = 10.15;
				MTL_ENABLE_DEBUG_INFO = NO;
				MTL_FAST_MATH = YES;
				SDKROOT = macosx;
				SWIFT_COMPILATION_MODE = wholemodule;
				SWIFT_OPTIMIZATION_LEVEL = "-O";
			};
			name = Release;
		};
		4CBB35A82566546700B3BECF /* Debug */ = {
			isa = XCBuildConfiguration;
			buildSettings = {
				ASSETCATALOG_COMPILER_APPICON_NAME = AppIcon;
				CLANG_ENABLE_MODULES = YES;
				CODE_SIGN_ENTITLEMENTS = GUI/GUI.entitlements;
				CODE_SIGN_STYLE = Automatic;
				COMBINE_HIDPI_IMAGES = YES;
				DEVELOPMENT_TEAM = 56C3N85M24;
				ENABLE_HARDENED_RUNTIME = YES;
				INFOPLIST_FILE = GUI/Info.plist;
				LD_RUNPATH_SEARCH_PATHS = (
					"$(inherited)",
					"@executable_path/../Frameworks",
				);
				PRODUCT_BUNDLE_IDENTIFIER = yihanYozikua.GUI;
				PRODUCT_NAME = "$(TARGET_NAME)";
				SWIFT_OBJC_BRIDGING_HEADER = "GUI/testCpp/GUI-Bridging-Header.h";
				SWIFT_OPTIMIZATION_LEVEL = "-Onone";
				SWIFT_VERSION = 5.0;
			};
			name = Debug;
		};
		4CBB35A92566546700B3BECF /* Release */ = {
			isa = XCBuildConfiguration;
			buildSettings = {
				ASSETCATALOG_COMPILER_APPICON_NAME = AppIcon;
				CLANG_ENABLE_MODULES = YES;
				CODE_SIGN_ENTITLEMENTS = GUI/GUI.entitlements;
				CODE_SIGN_STYLE = Automatic;
				COMBINE_HIDPI_IMAGES = YES;
				DEVELOPMENT_TEAM = 56C3N85M24;
				ENABLE_HARDENED_RUNTIME = YES;
				INFOPLIST_FILE = GUI/Info.plist;
				LD_RUNPATH_SEARCH_PATHS = (
					"$(inherited)",
					"@executable_path/../Frameworks",
				);
				PRODUCT_BUNDLE_IDENTIFIER = yihanYozikua.GUI;
				PRODUCT_NAME = "$(TARGET_NAME)";
				SWIFT_OBJC_BRIDGING_HEADER = "GUI/testCpp/GUI-Bridging-Header.h";
				SWIFT_VERSION = 5.0;
			};
			name = Release;
		};
/* End XCBuildConfiguration section */

/* Begin XCConfigurationList section */
		4CBB35922566546600B3BECF /* Build configuration list for PBXProject "GUI" */ = {
			isa = XCConfigurationList;
			buildConfigurations = (
				4CBB35A52566546700B3BECF /* Debug */,
				4CBB35A62566546700B3BECF /* Release */,
			);
			defaultConfigurationIsVisible = 0;
			defaultConfigurationName = Release;
		};
		4CBB35A72566546700B3BECF /* Build configuration list for PBXNativeTarget "GUI" */ = {
			isa = XCConfigurationList;
			buildConfigurations = (
				4CBB35A82566546700B3BECF /* Debug */,
				4CBB35A92566546700B3BECF /* Release */,
			);
			defaultConfigurationIsVisible = 0;
			defaultConfigurationName = Release;
		};
/* End XCConfigurationList section */
	};
	rootObject = 4CBB358F2566546600B3BECF /* Project object */;
}
