// !$*UTF8*$!
{
	archiveVersion = 1;
	classes = {
	};
	objectVersion = 50;
	objects = {

/* Begin PBXBuildFile section */
		4CDB057325E79E920038C4A9 /* AppDelegate.swift in Sources */ = {isa = PBXBuildFile; fileRef = 4CDB057225E79E920038C4A9 /* AppDelegate.swift */; };
		4CDB057525E79E920038C4A9 /* ContentView.swift in Sources */ = {isa = PBXBuildFile; fileRef = 4CDB057425E79E920038C4A9 /* ContentView.swift */; };
		4CDB057725E79E950038C4A9 /* Assets.xcassets in Resources */ = {isa = PBXBuildFile; fileRef = 4CDB057625E79E950038C4A9 /* Assets.xcassets */; };
		4CDB057A25E79E950038C4A9 /* Preview Assets.xcassets in Resources */ = {isa = PBXBuildFile; fileRef = 4CDB057925E79E950038C4A9 /* Preview Assets.xcassets */; };
		4CDB057D25E79E950038C4A9 /* Main.storyboard in Resources */ = {isa = PBXBuildFile; fileRef = 4CDB057B25E79E950038C4A9 /* Main.storyboard */; };
		4CDB058925E79E950038C4A9 /* dm_GUITests.swift in Sources */ = {isa = PBXBuildFile; fileRef = 4CDB058825E79E950038C4A9 /* dm_GUITests.swift */; };
		4CDB059425E79E950038C4A9 /* dm_GUIUITests.swift in Sources */ = {isa = PBXBuildFile; fileRef = 4CDB059325E79E950038C4A9 /* dm_GUIUITests.swift */; };
/* End PBXBuildFile section */

/* Begin PBXContainerItemProxy section */
		4CDB058525E79E950038C4A9 /* PBXContainerItemProxy */ = {
			isa = PBXContainerItemProxy;
			containerPortal = 4CDB056725E79E920038C4A9 /* Project object */;
			proxyType = 1;
			remoteGlobalIDString = 4CDB056E25E79E920038C4A9;
			remoteInfo = "dm-GUI";
		};
		4CDB059025E79E950038C4A9 /* PBXContainerItemProxy */ = {
			isa = PBXContainerItemProxy;
			containerPortal = 4CDB056725E79E920038C4A9 /* Project object */;
			proxyType = 1;
			remoteGlobalIDString = 4CDB056E25E79E920038C4A9;
			remoteInfo = "dm-GUI";
		};
/* End PBXContainerItemProxy section */

/* Begin PBXFileReference section */
		4CDB056F25E79E920038C4A9 /* dm-GUI.app */ = {isa = PBXFileReference; explicitFileType = wrapper.application; includeInIndex = 0; path = "dm-GUI.app"; sourceTree = BUILT_PRODUCTS_DIR; };
		4CDB057225E79E920038C4A9 /* AppDelegate.swift */ = {isa = PBXFileReference; lastKnownFileType = sourcecode.swift; path = AppDelegate.swift; sourceTree = "<group>"; };
		4CDB057425E79E920038C4A9 /* ContentView.swift */ = {isa = PBXFileReference; lastKnownFileType = sourcecode.swift; path = ContentView.swift; sourceTree = "<group>"; };
		4CDB057625E79E950038C4A9 /* Assets.xcassets */ = {isa = PBXFileReference; lastKnownFileType = folder.assetcatalog; path = Assets.xcassets; sourceTree = "<group>"; };
		4CDB057925E79E950038C4A9 /* Preview Assets.xcassets */ = {isa = PBXFileReference; lastKnownFileType = folder.assetcatalog; path = "Preview Assets.xcassets"; sourceTree = "<group>"; };
		4CDB057C25E79E950038C4A9 /* Base */ = {isa = PBXFileReference; lastKnownFileType = file.storyboard; name = Base; path = Base.lproj/Main.storyboard; sourceTree = "<group>"; };
		4CDB057E25E79E950038C4A9 /* Info.plist */ = {isa = PBXFileReference; lastKnownFileType = text.plist.xml; path = Info.plist; sourceTree = "<group>"; };
		4CDB057F25E79E950038C4A9 /* dm_GUI.entitlements */ = {isa = PBXFileReference; lastKnownFileType = text.plist.entitlements; path = dm_GUI.entitlements; sourceTree = "<group>"; };
		4CDB058425E79E950038C4A9 /* dm-GUITests.xctest */ = {isa = PBXFileReference; explicitFileType = wrapper.cfbundle; includeInIndex = 0; path = "dm-GUITests.xctest"; sourceTree = BUILT_PRODUCTS_DIR; };
		4CDB058825E79E950038C4A9 /* dm_GUITests.swift */ = {isa = PBXFileReference; lastKnownFileType = sourcecode.swift; path = dm_GUITests.swift; sourceTree = "<group>"; };
		4CDB058A25E79E950038C4A9 /* Info.plist */ = {isa = PBXFileReference; lastKnownFileType = text.plist.xml; path = Info.plist; sourceTree = "<group>"; };
		4CDB058F25E79E950038C4A9 /* dm-GUIUITests.xctest */ = {isa = PBXFileReference; explicitFileType = wrapper.cfbundle; includeInIndex = 0; path = "dm-GUIUITests.xctest"; sourceTree = BUILT_PRODUCTS_DIR; };
		4CDB059325E79E950038C4A9 /* dm_GUIUITests.swift */ = {isa = PBXFileReference; lastKnownFileType = sourcecode.swift; path = dm_GUIUITests.swift; sourceTree = "<group>"; };
		4CDB059525E79E950038C4A9 /* Info.plist */ = {isa = PBXFileReference; lastKnownFileType = text.plist.xml; path = Info.plist; sourceTree = "<group>"; };
/* End PBXFileReference section */

/* Begin PBXFrameworksBuildPhase section */
		4CDB056C25E79E920038C4A9 /* Frameworks */ = {
			isa = PBXFrameworksBuildPhase;
			buildActionMask = 2147483647;
			files = (
			);
			runOnlyForDeploymentPostprocessing = 0;
		};
		4CDB058125E79E950038C4A9 /* Frameworks */ = {
			isa = PBXFrameworksBuildPhase;
			buildActionMask = 2147483647;
			files = (
			);
			runOnlyForDeploymentPostprocessing = 0;
		};
		4CDB058C25E79E950038C4A9 /* Frameworks */ = {
			isa = PBXFrameworksBuildPhase;
			buildActionMask = 2147483647;
			files = (
			);
			runOnlyForDeploymentPostprocessing = 0;
		};
/* End PBXFrameworksBuildPhase section */

/* Begin PBXGroup section */
		4CDB056625E79E920038C4A9 = {
			isa = PBXGroup;
			children = (
				4CDB057125E79E920038C4A9 /* dm-GUI */,
				4CDB058725E79E950038C4A9 /* dm-GUITests */,
				4CDB059225E79E950038C4A9 /* dm-GUIUITests */,
				4CDB057025E79E920038C4A9 /* Products */,
			);
			sourceTree = "<group>";
		};
		4CDB057025E79E920038C4A9 /* Products */ = {
			isa = PBXGroup;
			children = (
				4CDB056F25E79E920038C4A9 /* dm-GUI.app */,
				4CDB058425E79E950038C4A9 /* dm-GUITests.xctest */,
				4CDB058F25E79E950038C4A9 /* dm-GUIUITests.xctest */,
			);
			name = Products;
			sourceTree = "<group>";
		};
		4CDB057125E79E920038C4A9 /* dm-GUI */ = {
			isa = PBXGroup;
			children = (
				4CDB057225E79E920038C4A9 /* AppDelegate.swift */,
				4CDB057425E79E920038C4A9 /* ContentView.swift */,
				4CDB057625E79E950038C4A9 /* Assets.xcassets */,
				4CDB057B25E79E950038C4A9 /* Main.storyboard */,
				4CDB057E25E79E950038C4A9 /* Info.plist */,
				4CDB057F25E79E950038C4A9 /* dm_GUI.entitlements */,
				4CDB057825E79E950038C4A9 /* Preview Content */,
			);
			path = "dm-GUI";
			sourceTree = "<group>";
		};
		4CDB057825E79E950038C4A9 /* Preview Content */ = {
			isa = PBXGroup;
			children = (
				4CDB057925E79E950038C4A9 /* Preview Assets.xcassets */,
			);
			path = "Preview Content";
			sourceTree = "<group>";
		};
		4CDB058725E79E950038C4A9 /* dm-GUITests */ = {
			isa = PBXGroup;
			children = (
				4CDB058825E79E950038C4A9 /* dm_GUITests.swift */,
				4CDB058A25E79E950038C4A9 /* Info.plist */,
			);
			path = "dm-GUITests";
			sourceTree = "<group>";
		};
		4CDB059225E79E950038C4A9 /* dm-GUIUITests */ = {
			isa = PBXGroup;
			children = (
				4CDB059325E79E950038C4A9 /* dm_GUIUITests.swift */,
				4CDB059525E79E950038C4A9 /* Info.plist */,
			);
			path = "dm-GUIUITests";
			sourceTree = "<group>";
		};
/* End PBXGroup section */

/* Begin PBXNativeTarget section */
		4CDB056E25E79E920038C4A9 /* dm-GUI */ = {
			isa = PBXNativeTarget;
			buildConfigurationList = 4CDB059825E79E950038C4A9 /* Build configuration list for PBXNativeTarget "dm-GUI" */;
			buildPhases = (
				4CDB056B25E79E920038C4A9 /* Sources */,
				4CDB056C25E79E920038C4A9 /* Frameworks */,
				4CDB056D25E79E920038C4A9 /* Resources */,
			);
			buildRules = (
			);
			dependencies = (
			);
			name = "dm-GUI";
			productName = "dm-GUI";
			productReference = 4CDB056F25E79E920038C4A9 /* dm-GUI.app */;
			productType = "com.apple.product-type.application";
		};
		4CDB058325E79E950038C4A9 /* dm-GUITests */ = {
			isa = PBXNativeTarget;
			buildConfigurationList = 4CDB059B25E79E950038C4A9 /* Build configuration list for PBXNativeTarget "dm-GUITests" */;
			buildPhases = (
				4CDB058025E79E950038C4A9 /* Sources */,
				4CDB058125E79E950038C4A9 /* Frameworks */,
				4CDB058225E79E950038C4A9 /* Resources */,
			);
			buildRules = (
			);
			dependencies = (
				4CDB058625E79E950038C4A9 /* PBXTargetDependency */,
			);
			name = "dm-GUITests";
			productName = "dm-GUITests";
			productReference = 4CDB058425E79E950038C4A9 /* dm-GUITests.xctest */;
			productType = "com.apple.product-type.bundle.unit-test";
		};
		4CDB058E25E79E950038C4A9 /* dm-GUIUITests */ = {
			isa = PBXNativeTarget;
			buildConfigurationList = 4CDB059E25E79E950038C4A9 /* Build configuration list for PBXNativeTarget "dm-GUIUITests" */;
			buildPhases = (
				4CDB058B25E79E950038C4A9 /* Sources */,
				4CDB058C25E79E950038C4A9 /* Frameworks */,
				4CDB058D25E79E950038C4A9 /* Resources */,
			);
			buildRules = (
			);
			dependencies = (
				4CDB059125E79E950038C4A9 /* PBXTargetDependency */,
			);
			name = "dm-GUIUITests";
			productName = "dm-GUIUITests";
			productReference = 4CDB058F25E79E950038C4A9 /* dm-GUIUITests.xctest */;
			productType = "com.apple.product-type.bundle.ui-testing";
		};
/* End PBXNativeTarget section */

/* Begin PBXProject section */
		4CDB056725E79E920038C4A9 /* Project object */ = {
			isa = PBXProject;
			attributes = {
				LastSwiftUpdateCheck = 1240;
				LastUpgradeCheck = 1240;
				TargetAttributes = {
					4CDB056E25E79E920038C4A9 = {
						CreatedOnToolsVersion = 12.4;
					};
					4CDB058325E79E950038C4A9 = {
						CreatedOnToolsVersion = 12.4;
						TestTargetID = 4CDB056E25E79E920038C4A9;
					};
					4CDB058E25E79E950038C4A9 = {
						CreatedOnToolsVersion = 12.4;
						TestTargetID = 4CDB056E25E79E920038C4A9;
					};
				};
			};
			buildConfigurationList = 4CDB056A25E79E920038C4A9 /* Build configuration list for PBXProject "dm-GUI" */;
			compatibilityVersion = "Xcode 9.3";
			developmentRegion = en;
			hasScannedForEncodings = 0;
			knownRegions = (
				en,
				Base,
			);
			mainGroup = 4CDB056625E79E920038C4A9;
			productRefGroup = 4CDB057025E79E920038C4A9 /* Products */;
			projectDirPath = "";
			projectRoot = "";
			targets = (
				4CDB056E25E79E920038C4A9 /* dm-GUI */,
				4CDB058325E79E950038C4A9 /* dm-GUITests */,
				4CDB058E25E79E950038C4A9 /* dm-GUIUITests */,
			);
		};
/* End PBXProject section */

/* Begin PBXResourcesBuildPhase section */
		4CDB056D25E79E920038C4A9 /* Resources */ = {
			isa = PBXResourcesBuildPhase;
			buildActionMask = 2147483647;
			files = (
				4CDB057D25E79E950038C4A9 /* Main.storyboard in Resources */,
				4CDB057A25E79E950038C4A9 /* Preview Assets.xcassets in Resources */,
				4CDB057725E79E950038C4A9 /* Assets.xcassets in Resources */,
			);
			runOnlyForDeploymentPostprocessing = 0;
		};
		4CDB058225E79E950038C4A9 /* Resources */ = {
			isa = PBXResourcesBuildPhase;
			buildActionMask = 2147483647;
			files = (
			);
			runOnlyForDeploymentPostprocessing = 0;
		};
		4CDB058D25E79E950038C4A9 /* Resources */ = {
			isa = PBXResourcesBuildPhase;
			buildActionMask = 2147483647;
			files = (
			);
			runOnlyForDeploymentPostprocessing = 0;
		};
/* End PBXResourcesBuildPhase section */

/* Begin PBXSourcesBuildPhase section */
		4CDB056B25E79E920038C4A9 /* Sources */ = {
			isa = PBXSourcesBuildPhase;
			buildActionMask = 2147483647;
			files = (
				4CDB057525E79E920038C4A9 /* ContentView.swift in Sources */,
				4CDB057325E79E920038C4A9 /* AppDelegate.swift in Sources */,
			);
			runOnlyForDeploymentPostprocessing = 0;
		};
		4CDB058025E79E950038C4A9 /* Sources */ = {
			isa = PBXSourcesBuildPhase;
			buildActionMask = 2147483647;
			files = (
				4CDB058925E79E950038C4A9 /* dm_GUITests.swift in Sources */,
			);
			runOnlyForDeploymentPostprocessing = 0;
		};
		4CDB058B25E79E950038C4A9 /* Sources */ = {
			isa = PBXSourcesBuildPhase;
			buildActionMask = 2147483647;
			files = (
				4CDB059425E79E950038C4A9 /* dm_GUIUITests.swift in Sources */,
			);
			runOnlyForDeploymentPostprocessing = 0;
		};
/* End PBXSourcesBuildPhase section */

/* Begin PBXTargetDependency section */
		4CDB058625E79E950038C4A9 /* PBXTargetDependency */ = {
			isa = PBXTargetDependency;
			target = 4CDB056E25E79E920038C4A9 /* dm-GUI */;
			targetProxy = 4CDB058525E79E950038C4A9 /* PBXContainerItemProxy */;
		};
		4CDB059125E79E950038C4A9 /* PBXTargetDependency */ = {
			isa = PBXTargetDependency;
			target = 4CDB056E25E79E920038C4A9 /* dm-GUI */;
			targetProxy = 4CDB059025E79E950038C4A9 /* PBXContainerItemProxy */;
		};
/* End PBXTargetDependency section */

/* Begin PBXVariantGroup section */
		4CDB057B25E79E950038C4A9 /* Main.storyboard */ = {
			isa = PBXVariantGroup;
			children = (
				4CDB057C25E79E950038C4A9 /* Base */,
			);
			name = Main.storyboard;
			sourceTree = "<group>";
		};
/* End PBXVariantGroup section */

/* Begin XCBuildConfiguration section */
		4CDB059625E79E950038C4A9 /* Debug */ = {
			isa = XCBuildConfiguration;
			buildSettings = {
				ALWAYS_SEARCH_USER_PATHS = NO;
				CLANG_ANALYZER_NONNULL = YES;
				CLANG_ANALYZER_NUMBER_OBJECT_CONVERSION = YES_AGGRESSIVE;
				CLANG_CXX_LANGUAGE_STANDARD = "gnu++14";
				CLANG_CXX_LIBRARY = "libc++";
				CLANG_ENABLE_MODULES = YES;
				CLANG_ENABLE_OBJC_ARC = YES;
				CLANG_ENABLE_OBJC_WEAK = YES;
				CLANG_WARN_BLOCK_CAPTURE_AUTORELEASING = YES;
				CLANG_WARN_BOOL_CONVERSION = YES;
				CLANG_WARN_COMMA = YES;
				CLANG_WARN_CONSTANT_CONVERSION = YES;
				CLANG_WARN_DEPRECATED_OBJC_IMPLEMENTATIONS = YES;
				CLANG_WARN_DIRECT_OBJC_ISA_USAGE = YES_ERROR;
				CLANG_WARN_DOCUMENTATION_COMMENTS = YES;
				CLANG_WARN_EMPTY_BODY = YES;
				CLANG_WARN_ENUM_CONVERSION = YES;
				CLANG_WARN_INFINITE_RECURSION = YES;
				CLANG_WARN_INT_CONVERSION = YES;
				CLANG_WARN_NON_LITERAL_NULL_CONVERSION = YES;
				CLANG_WARN_OBJC_IMPLICIT_RETAIN_SELF = YES;
				CLANG_WARN_OBJC_LITERAL_CONVERSION = YES;
				CLANG_WARN_OBJC_ROOT_CLASS = YES_ERROR;
				CLANG_WARN_QUOTED_INCLUDE_IN_FRAMEWORK_HEADER = YES;
				CLANG_WARN_RANGE_LOOP_ANALYSIS = YES;
				CLANG_WARN_STRICT_PROTOTYPES = YES;
				CLANG_WARN_SUSPICIOUS_MOVE = YES;
				CLANG_WARN_UNGUARDED_AVAILABILITY = YES_AGGRESSIVE;
				CLANG_WARN_UNREACHABLE_CODE = YES;
				CLANG_WARN__DUPLICATE_METHOD_MATCH = YES;
				COPY_PHASE_STRIP = NO;
				DEBUG_INFORMATION_FORMAT = dwarf;
				ENABLE_STRICT_OBJC_MSGSEND = YES;
				ENABLE_TESTABILITY = YES;
				GCC_C_LANGUAGE_STANDARD = gnu11;
				GCC_DYNAMIC_NO_PIC = NO;
				GCC_NO_COMMON_BLOCKS = YES;
				GCC_OPTIMIZATION_LEVEL = 0;
				GCC_PREPROCESSOR_DEFINITIONS = (
					"DEBUG=1",
					"$(inherited)",
				);
				GCC_WARN_64_TO_32_BIT_CONVERSION = YES;
				GCC_WARN_ABOUT_RETURN_TYPE = YES_ERROR;
				GCC_WARN_UNDECLARED_SELECTOR = YES;
				GCC_WARN_UNINITIALIZED_AUTOS = YES_AGGRESSIVE;
				GCC_WARN_UNUSED_FUNCTION = YES;
				GCC_WARN_UNUSED_VARIABLE = YES;
				MACOSX_DEPLOYMENT_TARGET = 10.15;
				MTL_ENABLE_DEBUG_INFO = INCLUDE_SOURCE;
				MTL_FAST_MATH = YES;
				ONLY_ACTIVE_ARCH = YES;
				SDKROOT = macosx;
				SWIFT_ACTIVE_COMPILATION_CONDITIONS = DEBUG;
				SWIFT_OPTIMIZATION_LEVEL = "-Onone";
			};
			name = Debug;
		};
		4CDB059725E79E950038C4A9 /* Release */ = {
			isa = XCBuildConfiguration;
			buildSettings = {
				ALWAYS_SEARCH_USER_PATHS = NO;
				CLANG_ANALYZER_NONNULL = YES;
				CLANG_ANALYZER_NUMBER_OBJECT_CONVERSION = YES_AGGRESSIVE;
				CLANG_CXX_LANGUAGE_STANDARD = "gnu++14";
				CLANG_CXX_LIBRARY = "libc++";
				CLANG_ENABLE_MODULES = YES;
				CLANG_ENABLE_OBJC_ARC = YES;
				CLANG_ENABLE_OBJC_WEAK = YES;
				CLANG_WARN_BLOCK_CAPTURE_AUTORELEASING = YES;
				CLANG_WARN_BOOL_CONVERSION = YES;
				CLANG_WARN_COMMA = YES;
				CLANG_WARN_CONSTANT_CONVERSION = YES;
				CLANG_WARN_DEPRECATED_OBJC_IMPLEMENTATIONS = YES;
				CLANG_WARN_DIRECT_OBJC_ISA_USAGE = YES_ERROR;
				CLANG_WARN_DOCUMENTATION_COMMENTS = YES;
				CLANG_WARN_EMPTY_BODY = YES;
				CLANG_WARN_ENUM_CONVERSION = YES;
				CLANG_WARN_INFINITE_RECURSION = YES;
				CLANG_WARN_INT_CONVERSION = YES;
				CLANG_WARN_NON_LITERAL_NULL_CONVERSION = YES;
				CLANG_WARN_OBJC_IMPLICIT_RETAIN_SELF = YES;
				CLANG_WARN_OBJC_LITERAL_CONVERSION = YES;
				CLANG_WARN_OBJC_ROOT_CLASS = YES_ERROR;
				CLANG_WARN_QUOTED_INCLUDE_IN_FRAMEWORK_HEADER = YES;
				CLANG_WARN_RANGE_LOOP_ANALYSIS = YES;
				CLANG_WARN_STRICT_PROTOTYPES = YES;
				CLANG_WARN_SUSPICIOUS_MOVE = YES;
				CLANG_WARN_UNGUARDED_AVAILABILITY = YES_AGGRESSIVE;
				CLANG_WARN_UNREACHABLE_CODE = YES;
				CLANG_WARN__DUPLICATE_METHOD_MATCH = YES;
				COPY_PHASE_STRIP = NO;
				DEBUG_INFORMATION_FORMAT = "dwarf-with-dsym";
				ENABLE_NS_ASSERTIONS = NO;
				ENABLE_STRICT_OBJC_MSGSEND = YES;
				GCC_C_LANGUAGE_STANDARD = gnu11;
				GCC_NO_COMMON_BLOCKS = YES;
				GCC_WARN_64_TO_32_BIT_CONVERSION = YES;
				GCC_WARN_ABOUT_RETURN_TYPE = YES_ERROR;
				GCC_WARN_UNDECLARED_SELECTOR = YES;
				GCC_WARN_UNINITIALIZED_AUTOS = YES_AGGRESSIVE;
				GCC_WARN_UNUSED_FUNCTION = YES;
				GCC_WARN_UNUSED_VARIABLE = YES;
				MACOSX_DEPLOYMENT_TARGET = 10.15;
				MTL_ENABLE_DEBUG_INFO = NO;
				MTL_FAST_MATH = YES;
				SDKROOT = macosx;
				SWIFT_COMPILATION_MODE = wholemodule;
				SWIFT_OPTIMIZATION_LEVEL = "-O";
			};
			name = Release;
		};
		4CDB059925E79E950038C4A9 /* Debug */ = {
			isa = XCBuildConfiguration;
			buildSettings = {
				ASSETCATALOG_COMPILER_APPICON_NAME = AppIcon;
				ASSETCATALOG_COMPILER_GLOBAL_ACCENT_COLOR_NAME = AccentColor;
				CODE_SIGN_ENTITLEMENTS = "dm-GUI/dm_GUI.entitlements";
				CODE_SIGN_STYLE = Automatic;
				COMBINE_HIDPI_IMAGES = YES;
				DEVELOPMENT_ASSET_PATHS = "\"dm-GUI/Preview Content\"";
				DEVELOPMENT_TEAM = 56C3N85M24;
				ENABLE_HARDENED_RUNTIME = YES;
				ENABLE_PREVIEWS = YES;
				INFOPLIST_FILE = "dm-GUI/Info.plist";
				LD_RUNPATH_SEARCH_PATHS = (
					"$(inherited)",
					"@executable_path/../Frameworks",
				);
				MACOSX_DEPLOYMENT_TARGET = 10.15;
				PRODUCT_BUNDLE_IDENTIFIER = "yihanYozikua.dm-GUI";
				PRODUCT_NAME = "$(TARGET_NAME)";
				SWIFT_VERSION = 5.0;
			};
			name = Debug;
		};
		4CDB059A25E79E950038C4A9 /* Release */ = {
			isa = XCBuildConfiguration;
			buildSettings = {
				ASSETCATALOG_COMPILER_APPICON_NAME = AppIcon;
				ASSETCATALOG_COMPILER_GLOBAL_ACCENT_COLOR_NAME = AccentColor;
				CODE_SIGN_ENTITLEMENTS = "dm-GUI/dm_GUI.entitlements";
				CODE_SIGN_STYLE = Automatic;
				COMBINE_HIDPI_IMAGES = YES;
				DEVELOPMENT_ASSET_PATHS = "\"dm-GUI/Preview Content\"";
				DEVELOPMENT_TEAM = 56C3N85M24;
				ENABLE_HARDENED_RUNTIME = YES;
				ENABLE_PREVIEWS = YES;
				INFOPLIST_FILE = "dm-GUI/Info.plist";
				LD_RUNPATH_SEARCH_PATHS = (
					"$(inherited)",
					"@executable_path/../Frameworks",
				);
				MACOSX_DEPLOYMENT_TARGET = 10.15;
				PRODUCT_BUNDLE_IDENTIFIER = "yihanYozikua.dm-GUI";
				PRODUCT_NAME = "$(TARGET_NAME)";
				SWIFT_VERSION = 5.0;
			};
			name = Release;
		};
		4CDB059C25E79E950038C4A9 /* Debug */ = {
			isa = XCBuildConfiguration;
			buildSettings = {
				ALWAYS_EMBED_SWIFT_STANDARD_LIBRARIES = YES;
				BUNDLE_LOADER = "$(TEST_HOST)";
				CODE_SIGN_STYLE = Automatic;
				COMBINE_HIDPI_IMAGES = YES;
				DEVELOPMENT_TEAM = 56C3N85M24;
				INFOPLIST_FILE = "dm-GUITests/Info.plist";
				LD_RUNPATH_SEARCH_PATHS = (
					"$(inherited)",
					"@executable_path/../Frameworks",
					"@loader_path/../Frameworks",
				);
				MACOSX_DEPLOYMENT_TARGET = 10.15;
				PRODUCT_BUNDLE_IDENTIFIER = "yihanYozikua.dm-GUITests";
				PRODUCT_NAME = "$(TARGET_NAME)";
				SWIFT_VERSION = 5.0;
				TEST_HOST = "$(BUILT_PRODUCTS_DIR)/dm-GUI.app/Contents/MacOS/dm-GUI";
			};
			name = Debug;
		};
		4CDB059D25E79E950038C4A9 /* Release */ = {
			isa = XCBuildConfiguration;
			buildSettings = {
				ALWAYS_EMBED_SWIFT_STANDARD_LIBRARIES = YES;
				BUNDLE_LOADER = "$(TEST_HOST)";
				CODE_SIGN_STYLE = Automatic;
				COMBINE_HIDPI_IMAGES = YES;
				DEVELOPMENT_TEAM = 56C3N85M24;
				INFOPLIST_FILE = "dm-GUITests/Info.plist";
				LD_RUNPATH_SEARCH_PATHS = (
					"$(inherited)",
					"@executable_path/../Frameworks",
					"@loader_path/../Frameworks",
				);
				MACOSX_DEPLOYMENT_TARGET = 10.15;
				PRODUCT_BUNDLE_IDENTIFIER = "yihanYozikua.dm-GUITests";
				PRODUCT_NAME = "$(TARGET_NAME)";
				SWIFT_VERSION = 5.0;
				TEST_HOST = "$(BUILT_PRODUCTS_DIR)/dm-GUI.app/Contents/MacOS/dm-GUI";
			};
			name = Release;
		};
		4CDB059F25E79E950038C4A9 /* Debug */ = {
			isa = XCBuildConfiguration;
			buildSettings = {
				ALWAYS_EMBED_SWIFT_STANDARD_LIBRARIES = YES;
				CODE_SIGN_STYLE = Automatic;
				COMBINE_HIDPI_IMAGES = YES;
				DEVELOPMENT_TEAM = 56C3N85M24;
				INFOPLIST_FILE = "dm-GUIUITests/Info.plist";
				LD_RUNPATH_SEARCH_PATHS = (
					"$(inherited)",
					"@executable_path/../Frameworks",
					"@loader_path/../Frameworks",
				);
				PRODUCT_BUNDLE_IDENTIFIER = "yihanYozikua.dm-GUIUITests";
				PRODUCT_NAME = "$(TARGET_NAME)";
				SWIFT_VERSION = 5.0;
				TEST_TARGET_NAME = "dm-GUI";
			};
			name = Debug;
		};
		4CDB05A025E79E950038C4A9 /* Release */ = {
			isa = XCBuildConfiguration;
			buildSettings = {
				ALWAYS_EMBED_SWIFT_STANDARD_LIBRARIES = YES;
				CODE_SIGN_STYLE = Automatic;
				COMBINE_HIDPI_IMAGES = YES;
				DEVELOPMENT_TEAM = 56C3N85M24;
				INFOPLIST_FILE = "dm-GUIUITests/Info.plist";
				LD_RUNPATH_SEARCH_PATHS = (
					"$(inherited)",
					"@executable_path/../Frameworks",
					"@loader_path/../Frameworks",
				);
				PRODUCT_BUNDLE_IDENTIFIER = "yihanYozikua.dm-GUIUITests";
				PRODUCT_NAME = "$(TARGET_NAME)";
				SWIFT_VERSION = 5.0;
				TEST_TARGET_NAME = "dm-GUI";
			};
			name = Release;
		};
/* End XCBuildConfiguration section */

/* Begin XCConfigurationList section */
		4CDB056A25E79E920038C4A9 /* Build configuration list for PBXProject "dm-GUI" */ = {
			isa = XCConfigurationList;
			buildConfigurations = (
				4CDB059625E79E950038C4A9 /* Debug */,
				4CDB059725E79E950038C4A9 /* Release */,
			);
			defaultConfigurationIsVisible = 0;
			defaultConfigurationName = Release;
		};
		4CDB059825E79E950038C4A9 /* Build configuration list for PBXNativeTarget "dm-GUI" */ = {
			isa = XCConfigurationList;
			buildConfigurations = (
				4CDB059925E79E950038C4A9 /* Debug */,
				4CDB059A25E79E950038C4A9 /* Release */,
			);
			defaultConfigurationIsVisible = 0;
			defaultConfigurationName = Release;
		};
		4CDB059B25E79E950038C4A9 /* Build configuration list for PBXNativeTarget "dm-GUITests" */ = {
			isa = XCConfigurationList;
			buildConfigurations = (
				4CDB059C25E79E950038C4A9 /* Debug */,
				4CDB059D25E79E950038C4A9 /* Release */,
			);
			defaultConfigurationIsVisible = 0;
			defaultConfigurationName = Release;
		};
		4CDB059E25E79E950038C4A9 /* Build configuration list for PBXNativeTarget "dm-GUIUITests" */ = {
			isa = XCConfigurationList;
			buildConfigurations = (
				4CDB059F25E79E950038C4A9 /* Debug */,
				4CDB05A025E79E950038C4A9 /* Release */,
			);
			defaultConfigurationIsVisible = 0;
			defaultConfigurationName = Release;
		};
/* End XCConfigurationList section */
	};
	rootObject = 4CDB056725E79E920038C4A9 /* Project object */;
}
